
Microsoft Visual Studio Solution File, Format Version 12.00
# Visual Studio 15
VisualStudioVersion = 15.0.26730.8
MinimumVisualStudioVersion = 10.0.40219.1
Project("{FAE04EC0-301F-11D3-BF4B-00C04F79EFBC}") = "App2.Android", "App2\App2.Android\App2.Android.csproj", "{60C2B68B-8FA3-453E-BF7F-765AE7D1A2DA}"
EndProject
Project("{FAE04EC0-301F-11D3-BF4B-00C04F79EFBC}") = "App2", "App2\App2\App2.csproj", "{CE024C75-EFC1-40FB-8A39-AEB0B55EE920}"
EndProject
Project("{FAE04EC0-301F-11D3-BF4B-00C04F79EFBC}") = "App2.UWP", "App2\App2.UWP\App2.UWP.csproj", "{6B91A3D8-891D-4CE6-B67D-531D2297C23C}"
EndProject
Project("{FAE04EC0-301F-11D3-BF4B-00C04F79EFBC}") = "App2.iOS", "App2\App2.iOS\App2.iOS.csproj", "{EDBAE175-6868-4077-BF21-F1A9EF21BE5A}"
EndProject
Global
	GlobalSection(SolutionConfigurationPlatforms) = preSolution
		Ad-Hoc|Any CPU = Ad-Hoc|Any CPU
		Ad-Hoc|ARM = Ad-Hoc|ARM
		Ad-Hoc|iPhone = Ad-Hoc|iPhone
		Ad-Hoc|iPhoneSimulator = Ad-Hoc|iPhoneSimulator
		Ad-Hoc|x64 = Ad-Hoc|x64
		Ad-Hoc|x86 = Ad-Hoc|x86
		AppStore|Any CPU = AppStore|Any CPU
		AppStore|ARM = AppStore|ARM
		AppStore|iPhone = AppStore|iPhone
		AppStore|iPhoneSimulator = AppStore|iPhoneSimulator
		AppStore|x64 = AppStore|x64
		AppStore|x86 = AppStore|x86
		Debug|Any CPU = Debug|Any CPU
		Debug|ARM = Debug|ARM
		Debug|iPhone = Debug|iPhone
		Debug|iPhoneSimulator = Debug|iPhoneSimulator
		Debug|x64 = Debug|x64
		Debug|x86 = Debug|x86
		Release|Any CPU = Release|Any CPU
		Release|ARM = Release|ARM
		Release|iPhone = Release|iPhone
		Release|iPhoneSimulator = Release|iPhoneSimulator
		Release|x64 = Release|x64
		Release|x86 = Release|x86
	EndGlobalSection
	GlobalSection(ProjectConfigurationPlatforms) = postSolution
		{60C2B68B-8FA3-453E-BF7F-765AE7D1A2DA}.Ad-Hoc|Any CPU.ActiveCfg = Release|Any CPU
		{60C2B68B-8FA3-453E-BF7F-765AE7D1A2DA}.Ad-Hoc|Any CPU.Build.0 = Release|Any CPU
		{60C2B68B-8FA3-453E-BF7F-765AE7D1A2DA}.Ad-Hoc|Any CPU.Deploy.0 = Release|Any CPU
		{60C2B68B-8FA3-453E-BF7F-765AE7D1A2DA}.Ad-Hoc|ARM.ActiveCfg = Release|Any CPU
		{60C2B68B-8FA3-453E-BF7F-765AE7D1A2DA}.Ad-Hoc|ARM.Build.0 = Release|Any CPU
		{60C2B68B-8FA3-453E-BF7F-765AE7D1A2DA}.Ad-Hoc|ARM.Deploy.0 = Release|Any CPU
		{60C2B68B-8FA3-453E-BF7F-765AE7D1A2DA}.Ad-Hoc|iPhone.ActiveCfg = Release|Any CPU
		{60C2B68B-8FA3-453E-BF7F-765AE7D1A2DA}.Ad-Hoc|iPhone.Build.0 = Release|Any CPU
		{60C2B68B-8FA3-453E-BF7F-765AE7D1A2DA}.Ad-Hoc|iPhone.Deploy.0 = Release|Any CPU
		{60C2B68B-8FA3-453E-BF7F-765AE7D1A2DA}.Ad-Hoc|iPhoneSimulator.ActiveCfg = Release|Any CPU
		{60C2B68B-8FA3-453E-BF7F-765AE7D1A2DA}.Ad-Hoc|iPhoneSimulator.Build.0 = Release|Any CPU
		{60C2B68B-8FA3-453E-BF7F-765AE7D1A2DA}.Ad-Hoc|iPhoneSimulator.Deploy.0 = Release|Any CPU
		{60C2B68B-8FA3-453E-BF7F-765AE7D1A2DA}.Ad-Hoc|x64.ActiveCfg = Release|Any CPU
		{60C2B68B-8FA3-453E-BF7F-765AE7D1A2DA}.Ad-Hoc|x64.Build.0 = Release|Any CPU
		{60C2B68B-8FA3-453E-BF7F-765AE7D1A2DA}.Ad-Hoc|x64.Deploy.0 = Release|Any CPU
		{60C2B68B-8FA3-453E-BF7F-765AE7D1A2DA}.Ad-Hoc|x86.ActiveCfg = Release|Any CPU
		{60C2B68B-8FA3-453E-BF7F-765AE7D1A2DA}.Ad-Hoc|x86.Build.0 = Release|Any CPU
		{60C2B68B-8FA3-453E-BF7F-765AE7D1A2DA}.Ad-Hoc|x86.Deploy.0 = Release|Any CPU
		{60C2B68B-8FA3-453E-BF7F-765AE7D1A2DA}.AppStore|Any CPU.ActiveCfg = Release|Any CPU
		{60C2B68B-8FA3-453E-BF7F-765AE7D1A2DA}.AppStore|Any CPU.Build.0 = Release|Any CPU
		{60C2B68B-8FA3-453E-BF7F-765AE7D1A2DA}.AppStore|Any CPU.Deploy.0 = Release|Any CPU
		{60C2B68B-8FA3-453E-BF7F-765AE7D1A2DA}.AppStore|ARM.ActiveCfg = Release|Any CPU
		{60C2B68B-8FA3-453E-BF7F-765AE7D1A2DA}.AppStore|ARM.Build.0 = Release|Any CPU
		{60C2B68B-8FA3-453E-BF7F-765AE7D1A2DA}.AppStore|ARM.Deploy.0 = Release|Any CPU
		{60C2B68B-8FA3-453E-BF7F-765AE7D1A2DA}.AppStore|iPhone.ActiveCfg = Release|Any CPU
		{60C2B68B-8FA3-453E-BF7F-765AE7D1A2DA}.AppStore|iPhone.Build.0 = Release|Any CPU
		{60C2B68B-8FA3-453E-BF7F-765AE7D1A2DA}.AppStore|iPhone.Deploy.0 = Release|Any CPU
		{60C2B68B-8FA3-453E-BF7F-765AE7D1A2DA}.AppStore|iPhoneSimulator.ActiveCfg = Release|Any CPU
		{60C2B68B-8FA3-453E-BF7F-765AE7D1A2DA}.AppStore|iPhoneSimulator.Build.0 = Release|Any CPU
		{60C2B68B-8FA3-453E-BF7F-765AE7D1A2DA}.AppStore|iPhoneSimulator.Deploy.0 = Release|Any CPU
		{60C2B68B-8FA3-453E-BF7F-765AE7D1A2DA}.AppStore|x64.ActiveCfg = Release|Any CPU
		{60C2B68B-8FA3-453E-BF7F-765AE7D1A2DA}.AppStore|x64.Build.0 = Release|Any CPU
		{60C2B68B-8FA3-453E-BF7F-765AE7D1A2DA}.AppStore|x64.Deploy.0 = Release|Any CPU
		{60C2B68B-8FA3-453E-BF7F-765AE7D1A2DA}.AppStore|x86.ActiveCfg = Release|Any CPU
		{60C2B68B-8FA3-453E-BF7F-765AE7D1A2DA}.AppStore|x86.Build.0 = Release|Any CPU
		{60C2B68B-8FA3-453E-BF7F-765AE7D1A2DA}.AppStore|x86.Deploy.0 = Release|Any CPU
		{60C2B68B-8FA3-453E-BF7F-765AE7D1A2DA}.Debug|Any CPU.ActiveCfg = Debug|Any CPU
		{60C2B68B-8FA3-453E-BF7F-765AE7D1A2DA}.Debug|Any CPU.Build.0 = Debug|Any CPU
		{60C2B68B-8FA3-453E-BF7F-765AE7D1A2DA}.Debug|Any CPU.Deploy.0 = Debug|Any CPU
		{60C2B68B-8FA3-453E-BF7F-765AE7D1A2DA}.Debug|ARM.ActiveCfg = Debug|Any CPU
		{60C2B68B-8FA3-453E-BF7F-765AE7D1A2DA}.Debug|ARM.Build.0 = Debug|Any CPU
		{60C2B68B-8FA3-453E-BF7F-765AE7D1A2DA}.Debug|ARM.Deploy.0 = Debug|Any CPU
		{60C2B68B-8FA3-453E-BF7F-765AE7D1A2DA}.Debug|iPhone.ActiveCfg = Debug|Any CPU
		{60C2B68B-8FA3-453E-BF7F-765AE7D1A2DA}.Debug|iPhone.Build.0 = Debug|Any CPU
		{60C2B68B-8FA3-453E-BF7F-765AE7D1A2DA}.Debug|iPhone.Deploy.0 = Debug|Any CPU
		{60C2B68B-8FA3-453E-BF7F-765AE7D1A2DA}.Debug|iPhoneSimulator.ActiveCfg = Debug|Any CPU
		{60C2B68B-8FA3-453E-BF7F-765AE7D1A2DA}.Debug|iPhoneSimulator.Build.0 = Debug|Any CPU
		{60C2B68B-8FA3-453E-BF7F-765AE7D1A2DA}.Debug|iPhoneSimulator.Deploy.0 = Debug|Any CPU
		{60C2B68B-8FA3-453E-BF7F-765AE7D1A2DA}.Debug|x64.ActiveCfg = Debug|Any CPU
		{60C2B68B-8FA3-453E-BF7F-765AE7D1A2DA}.Debug|x64.Build.0 = Debug|Any CPU
		{60C2B68B-8FA3-453E-BF7F-765AE7D1A2DA}.Debug|x64.Deploy.0 = Debug|Any CPU
		{60C2B68B-8FA3-453E-BF7F-765AE7D1A2DA}.Debug|x86.ActiveCfg = Debug|Any CPU
		{60C2B68B-8FA3-453E-BF7F-765AE7D1A2DA}.Debug|x86.Build.0 = Debug|Any CPU
		{60C2B68B-8FA3-453E-BF7F-765AE7D1A2DA}.Debug|x86.Deploy.0 = Debug|Any CPU
		{60C2B68B-8FA3-453E-BF7F-765AE7D1A2DA}.Release|Any CPU.ActiveCfg = Release|Any CPU
		{60C2B68B-8FA3-453E-BF7F-765AE7D1A2DA}.Release|Any CPU.Build.0 = Release|Any CPU
		{60C2B68B-8FA3-453E-BF7F-765AE7D1A2DA}.Release|Any CPU.Deploy.0 = Release|Any CPU
		{60C2B68B-8FA3-453E-BF7F-765AE7D1A2DA}.Release|ARM.ActiveCfg = Release|Any CPU
		{60C2B68B-8FA3-453E-BF7F-765AE7D1A2DA}.Release|ARM.Build.0 = Release|Any CPU
		{60C2B68B-8FA3-453E-BF7F-765AE7D1A2DA}.Release|ARM.Deploy.0 = Release|Any CPU
		{60C2B68B-8FA3-453E-BF7F-765AE7D1A2DA}.Release|iPhone.ActiveCfg = Release|Any CPU
		{60C2B68B-8FA3-453E-BF7F-765AE7D1A2DA}.Release|iPhone.Build.0 = Release|Any CPU
		{60C2B68B-8FA3-453E-BF7F-765AE7D1A2DA}.Release|iPhone.Deploy.0 = Release|Any CPU
		{60C2B68B-8FA3-453E-BF7F-765AE7D1A2DA}.Release|iPhoneSimulator.ActiveCfg = Release|Any CPU
		{60C2B68B-8FA3-453E-BF7F-765AE7D1A2DA}.Release|iPhoneSimulator.Build.0 = Release|Any CPU
		{60C2B68B-8FA3-453E-BF7F-765AE7D1A2DA}.Release|iPhoneSimulator.Deploy.0 = Release|Any CPU
		{60C2B68B-8FA3-453E-BF7F-765AE7D1A2DA}.Release|x64.ActiveCfg = Release|Any CPU
		{60C2B68B-8FA3-453E-BF7F-765AE7D1A2DA}.Release|x64.Build.0 = Release|Any CPU
		{60C2B68B-8FA3-453E-BF7F-765AE7D1A2DA}.Release|x64.Deploy.0 = Release|Any CPU
		{60C2B68B-8FA3-453E-BF7F-765AE7D1A2DA}.Release|x86.ActiveCfg = Release|Any CPU
		{60C2B68B-8FA3-453E-BF7F-765AE7D1A2DA}.Release|x86.Build.0 = Release|Any CPU
		{60C2B68B-8FA3-453E-BF7F-765AE7D1A2DA}.Release|x86.Deploy.0 = Release|Any CPU
		{CE024C75-EFC1-40FB-8A39-AEB0B55EE920}.Ad-Hoc|Any CPU.ActiveCfg = Release|Any CPU
		{CE024C75-EFC1-40FB-8A39-AEB0B55EE920}.Ad-Hoc|Any CPU.Build.0 = Release|Any CPU
		{CE024C75-EFC1-40FB-8A39-AEB0B55EE920}.Ad-Hoc|ARM.ActiveCfg = Release|Any CPU
		{CE024C75-EFC1-40FB-8A39-AEB0B55EE920}.Ad-Hoc|ARM.Build.0 = Release|Any CPU
		{CE024C75-EFC1-40FB-8A39-AEB0B55EE920}.Ad-Hoc|iPhone.ActiveCfg = Release|Any CPU
		{CE024C75-EFC1-40FB-8A39-AEB0B55EE920}.Ad-Hoc|iPhone.Build.0 = Release|Any CPU
		{CE024C75-EFC1-40FB-8A39-AEB0B55EE920}.Ad-Hoc|iPhoneSimulator.ActiveCfg = Release|Any CPU
		{CE024C75-EFC1-40FB-8A39-AEB0B55EE920}.Ad-Hoc|iPhoneSimulator.Build.0 = Release|Any CPU
		{CE024C75-EFC1-40FB-8A39-AEB0B55EE920}.Ad-Hoc|x64.ActiveCfg = Release|Any CPU
		{CE024C75-EFC1-40FB-8A39-AEB0B55EE920}.Ad-Hoc|x64.Build.0 = Release|Any CPU
		{CE024C75-EFC1-40FB-8A39-AEB0B55EE920}.Ad-Hoc|x86.ActiveCfg = Release|Any CPU
		{CE024C75-EFC1-40FB-8A39-AEB0B55EE920}.Ad-Hoc|x86.Build.0 = Release|Any CPU
		{CE024C75-EFC1-40FB-8A39-AEB0B55EE920}.AppStore|Any CPU.ActiveCfg = Release|Any CPU
		{CE024C75-EFC1-40FB-8A39-AEB0B55EE920}.AppStore|Any CPU.Build.0 = Release|Any CPU
		{CE024C75-EFC1-40FB-8A39-AEB0B55EE920}.AppStore|ARM.ActiveCfg = Release|Any CPU
		{CE024C75-EFC1-40FB-8A39-AEB0B55EE920}.AppStore|ARM.Build.0 = Release|Any CPU
		{CE024C75-EFC1-40FB-8A39-AEB0B55EE920}.AppStore|iPhone.ActiveCfg = Release|Any CPU
		{CE024C75-EFC1-40FB-8A39-AEB0B55EE920}.AppStore|iPhone.Build.0 = Release|Any CPU
		{CE024C75-EFC1-40FB-8A39-AEB0B55EE920}.AppStore|iPhoneSimulator.ActiveCfg = Release|Any CPU
		{CE024C75-EFC1-40FB-8A39-AEB0B55EE920}.AppStore|iPhoneSimulator.Build.0 = Release|Any CPU
		{CE024C75-EFC1-40FB-8A39-AEB0B55EE920}.AppStore|x64.ActiveCfg = Release|Any CPU
		{CE024C75-EFC1-40FB-8A39-AEB0B55EE920}.AppStore|x64.Build.0 = Release|Any CPU
		{CE024C75-EFC1-40FB-8A39-AEB0B55EE920}.AppStore|x86.ActiveCfg = Release|Any CPU
		{CE024C75-EFC1-40FB-8A39-AEB0B55EE920}.AppStore|x86.Build.0 = Release|Any CPU
		{CE024C75-EFC1-40FB-8A39-AEB0B55EE920}.Debug|Any CPU.ActiveCfg = Debug|Any CPU
		{CE024C75-EFC1-40FB-8A39-AEB0B55EE920}.Debug|Any CPU.Build.0 = Debug|Any CPU
		{CE024C75-EFC1-40FB-8A39-AEB0B55EE920}.Debug|ARM.ActiveCfg = Debug|Any CPU
		{CE024C75-EFC1-40FB-8A39-AEB0B55EE920}.Debug|ARM.Build.0 = Debug|Any CPU
		{CE024C75-EFC1-40FB-8A39-AEB0B55EE920}.Debug|iPhone.ActiveCfg = Debug|Any CPU
		{CE024C75-EFC1-40FB-8A39-AEB0B55EE920}.Debug|iPhone.Build.0 = Debug|Any CPU
		{CE024C75-EFC1-40FB-8A39-AEB0B55EE920}.Debug|iPhoneSimulator.ActiveCfg = Debug|Any CPU
		{CE024C75-EFC1-40FB-8A39-AEB0B55EE920}.Debug|iPhoneSimulator.Build.0 = Debug|Any CPU
		{CE024C75-EFC1-40FB-8A39-AEB0B55EE920}.Debug|x64.ActiveCfg = Debug|Any CPU
		{CE024C75-EFC1-40FB-8A39-AEB0B55EE920}.Debug|x64.Build.0 = Debug|Any CPU
		{CE024C75-EFC1-40FB-8A39-AEB0B55EE920}.Debug|x86.ActiveCfg = Debug|Any CPU
		{CE024C75-EFC1-40FB-8A39-AEB0B55EE920}.Debug|x86.Build.0 = Debug|Any CPU
		{CE024C75-EFC1-40FB-8A39-AEB0B55EE920}.Release|Any CPU.ActiveCfg = Release|Any CPU
		{CE024C75-EFC1-40FB-8A39-AEB0B55EE920}.Release|Any CPU.Build.0 = Release|Any CPU
		{CE024C75-EFC1-40FB-8A39-AEB0B55EE920}.Release|ARM.ActiveCfg = Release|Any CPU
		{CE024C75-EFC1-40FB-8A39-AEB0B55EE920}.Release|ARM.Build.0 = Release|Any CPU
		{CE024C75-EFC1-40FB-8A39-AEB0B55EE920}.Release|iPhone.ActiveCfg = Release|Any CPU
		{CE024C75-EFC1-40FB-8A39-AEB0B55EE920}.Release|iPhone.Build.0 = Release|Any CPU
		{CE024C75-EFC1-40FB-8A39-AEB0B55EE920}.Release|iPhoneSimulator.ActiveCfg = Release|Any CPU
		{CE024C75-EFC1-40FB-8A39-AEB0B55EE920}.Release|iPhoneSimulator.Build.0 = Release|Any CPU
		{CE024C75-EFC1-40FB-8A39-AEB0B55EE920}.Release|x64.ActiveCfg = Release|Any CPU
		{CE024C75-EFC1-40FB-8A39-AEB0B55EE920}.Release|x64.Build.0 = Release|Any CPU
		{CE024C75-EFC1-40FB-8A39-AEB0B55EE920}.Release|x86.ActiveCfg = Release|Any CPU
		{CE024C75-EFC1-40FB-8A39-AEB0B55EE920}.Release|x86.Build.0 = Release|Any CPU
		{6B91A3D8-891D-4CE6-B67D-531D2297C23C}.Ad-Hoc|Any CPU.ActiveCfg = Release|x86
		{6B91A3D8-891D-4CE6-B67D-531D2297C23C}.Ad-Hoc|Any CPU.Build.0 = Release|x86
		{6B91A3D8-891D-4CE6-B67D-531D2297C23C}.Ad-Hoc|Any CPU.Deploy.0 = Release|x86
		{6B91A3D8-891D-4CE6-B67D-531D2297C23C}.Ad-Hoc|ARM.ActiveCfg = Release|ARM
		{6B91A3D8-891D-4CE6-B67D-531D2297C23C}.Ad-Hoc|ARM.Build.0 = Release|ARM
		{6B91A3D8-891D-4CE6-B67D-531D2297C23C}.Ad-Hoc|ARM.Deploy.0 = Release|ARM
		{6B91A3D8-891D-4CE6-B67D-531D2297C23C}.Ad-Hoc|iPhone.ActiveCfg = Release|x86
		{6B91A3D8-891D-4CE6-B67D-531D2297C23C}.Ad-Hoc|iPhone.Build.0 = Release|x86
		{6B91A3D8-891D-4CE6-B67D-531D2297C23C}.Ad-Hoc|iPhone.Deploy.0 = Release|x86
		{6B91A3D8-891D-4CE6-B67D-531D2297C23C}.Ad-Hoc|iPhoneSimulator.ActiveCfg = Release|x86
		{6B91A3D8-891D-4CE6-B67D-531D2297C23C}.Ad-Hoc|iPhoneSimulator.Build.0 = Release|x86
		{6B91A3D8-891D-4CE6-B67D-531D2297C23C}.Ad-Hoc|iPhoneSimulator.Deploy.0 = Release|x86
		{6B91A3D8-891D-4CE6-B67D-531D2297C23C}.Ad-Hoc|x64.ActiveCfg = Release|x64
		{6B91A3D8-891D-4CE6-B67D-531D2297C23C}.Ad-Hoc|x64.Build.0 = Release|x64
		{6B91A3D8-891D-4CE6-B67D-531D2297C23C}.Ad-Hoc|x64.Deploy.0 = Release|x64
		{6B91A3D8-891D-4CE6-B67D-531D2297C23C}.Ad-Hoc|x86.ActiveCfg = Release|x86
		{6B91A3D8-891D-4CE6-B67D-531D2297C23C}.Ad-Hoc|x86.Build.0 = Release|x86
		{6B91A3D8-891D-4CE6-B67D-531D2297C23C}.Ad-Hoc|x86.Deploy.0 = Release|x86
		{6B91A3D8-891D-4CE6-B67D-531D2297C23C}.AppStore|Any CPU.ActiveCfg = Release|x86
		{6B91A3D8-891D-4CE6-B67D-531D2297C23C}.AppStore|Any CPU.Build.0 = Release|x86
		{6B91A3D8-891D-4CE6-B67D-531D2297C23C}.AppStore|Any CPU.Deploy.0 = Release|x86
		{6B91A3D8-891D-4CE6-B67D-531D2297C23C}.AppStore|ARM.ActiveCfg = Release|ARM
		{6B91A3D8-891D-4CE6-B67D-531D2297C23C}.AppStore|ARM.Build.0 = Release|ARM
		{6B91A3D8-891D-4CE6-B67D-531D2297C23C}.AppStore|ARM.Deploy.0 = Release|ARM
		{6B91A3D8-891D-4CE6-B67D-531D2297C23C}.AppStore|iPhone.ActiveCfg = Release|x86
		{6B91A3D8-891D-4CE6-B67D-531D2297C23C}.AppStore|iPhone.Build.0 = Release|x86
		{6B91A3D8-891D-4CE6-B67D-531D2297C23C}.AppStore|iPhone.Deploy.0 = Release|x86
		{6B91A3D8-891D-4CE6-B67D-531D2297C23C}.AppStore|iPhoneSimulator.ActiveCfg = Release|x86
		{6B91A3D8-891D-4CE6-B67D-531D2297C23C}.AppStore|iPhoneSimulator.Build.0 = Release|x86
		{6B91A3D8-891D-4CE6-B67D-531D2297C23C}.AppStore|iPhoneSimulator.Deploy.0 = Release|x86
		{6B91A3D8-891D-4CE6-B67D-531D2297C23C}.AppStore|x64.ActiveCfg = Release|x64
		{6B91A3D8-891D-4CE6-B67D-531D2297C23C}.AppStore|x64.Build.0 = Release|x64
		{6B91A3D8-891D-4CE6-B67D-531D2297C23C}.AppStore|x64.Deploy.0 = Release|x64
		{6B91A3D8-891D-4CE6-B67D-531D2297C23C}.AppStore|x86.ActiveCfg = Release|x86
		{6B91A3D8-891D-4CE6-B67D-531D2297C23C}.AppStore|x86.Build.0 = Release|x86
		{6B91A3D8-891D-4CE6-B67D-531D2297C23C}.AppStore|x86.Deploy.0 = Release|x86
		{6B91A3D8-891D-4CE6-B67D-531D2297C23C}.Debug|Any CPU.ActiveCfg = Debug|x86
		{6B91A3D8-891D-4CE6-B67D-531D2297C23C}.Debug|ARM.ActiveCfg = Debug|ARM
		{6B91A3D8-891D-4CE6-B67D-531D2297C23C}.Debug|ARM.Build.0 = Debug|ARM
		{6B91A3D8-891D-4CE6-B67D-531D2297C23C}.Debug|ARM.Deploy.0 = Debug|ARM
		{6B91A3D8-891D-4CE6-B67D-531D2297C23C}.Debug|iPhone.ActiveCfg = Debug|x86
		{6B91A3D8-891D-4CE6-B67D-531D2297C23C}.Debug|iPhoneSimulator.ActiveCfg = Debug|x86
		{6B91A3D8-891D-4CE6-B67D-531D2297C23C}.Debug|x64.ActiveCfg = Debug|x64
		{6B91A3D8-891D-4CE6-B67D-531D2297C23C}.Debug|x64.Build.0 = Debug|x64
		{6B91A3D8-891D-4CE6-B67D-531D2297C23C}.Debug|x64.Deploy.0 = Debug|x64
		{6B91A3D8-891D-4CE6-B67D-531D2297C23C}.Debug|x86.ActiveCfg = Debug|x86
		{6B91A3D8-891D-4CE6-B67D-531D2297C23C}.Debug|x86.Build.0 = Debug|x86
		{6B91A3D8-891D-4CE6-B67D-531D2297C23C}.Debug|x86.Deploy.0 = Debug|x86
		{6B91A3D8-891D-4CE6-B67D-531D2297C23C}.Release|Any CPU.ActiveCfg = Release|x86
		{6B91A3D8-891D-4CE6-B67D-531D2297C23C}.Release|ARM.ActiveCfg = Release|ARM
		{6B91A3D8-891D-4CE6-B67D-531D2297C23C}.Release|ARM.Build.0 = Release|ARM
		{6B91A3D8-891D-4CE6-B67D-531D2297C23C}.Release|ARM.Deploy.0 = Release|ARM
		{6B91A3D8-891D-4CE6-B67D-531D2297C23C}.Release|iPhone.ActiveCfg = Release|x86
		{6B91A3D8-891D-4CE6-B67D-531D2297C23C}.Release|iPhoneSimulator.ActiveCfg = Release|x86
		{6B91A3D8-891D-4CE6-B67D-531D2297C23C}.Release|x64.ActiveCfg = Release|x64
		{6B91A3D8-891D-4CE6-B67D-531D2297C23C}.Release|x64.Build.0 = Release|x64
		{6B91A3D8-891D-4CE6-B67D-531D2297C23C}.Release|x64.Deploy.0 = Release|x64
		{6B91A3D8-891D-4CE6-B67D-531D2297C23C}.Release|x86.ActiveCfg = Release|x86
		{6B91A3D8-891D-4CE6-B67D-531D2297C23C}.Release|x86.Build.0 = Release|x86
		{6B91A3D8-891D-4CE6-B67D-531D2297C23C}.Release|x86.Deploy.0 = Release|x86
		{EDBAE175-6868-4077-BF21-F1A9EF21BE5A}.Ad-Hoc|Any CPU.ActiveCfg = Ad-Hoc|iPhone
		{EDBAE175-6868-4077-BF21-F1A9EF21BE5A}.Ad-Hoc|ARM.ActiveCfg = Ad-Hoc|iPhone
		{EDBAE175-6868-4077-BF21-F1A9EF21BE5A}.Ad-Hoc|iPhone.ActiveCfg = Ad-Hoc|iPhone
		{EDBAE175-6868-4077-BF21-F1A9EF21BE5A}.Ad-Hoc|iPhone.Build.0 = Ad-Hoc|iPhone
		{EDBAE175-6868-4077-BF21-F1A9EF21BE5A}.Ad-Hoc|iPhoneSimulator.ActiveCfg = Ad-Hoc|iPhoneSimulator
		{EDBAE175-6868-4077-BF21-F1A9EF21BE5A}.Ad-Hoc|iPhoneSimulator.Build.0 = Ad-Hoc|iPhoneSimulator
		{EDBAE175-6868-4077-BF21-F1A9EF21BE5A}.Ad-Hoc|x64.ActiveCfg = Ad-Hoc|iPhone
		{EDBAE175-6868-4077-BF21-F1A9EF21BE5A}.Ad-Hoc|x86.ActiveCfg = Ad-Hoc|iPhone
		{EDBAE175-6868-4077-BF21-F1A9EF21BE5A}.AppStore|Any CPU.ActiveCfg = AppStore|iPhone
		{EDBAE175-6868-4077-BF21-F1A9EF21BE5A}.AppStore|ARM.ActiveCfg = AppStore|iPhone
		{EDBAE175-6868-4077-BF21-F1A9EF21BE5A}.AppStore|iPhone.ActiveCfg = AppStore|iPhone
		{EDBAE175-6868-4077-BF21-F1A9EF21BE5A}.AppStore|iPhone.Build.0 = AppStore|iPhone
		{EDBAE175-6868-4077-BF21-F1A9EF21BE5A}.AppStore|iPhoneSimulator.ActiveCfg = AppStore|iPhoneSimulator
		{EDBAE175-6868-4077-BF21-F1A9EF21BE5A}.AppStore|iPhoneSimulator.Build.0 = AppStore|iPhoneSimulator
		{EDBAE175-6868-4077-BF21-F1A9EF21BE5A}.AppStore|x64.ActiveCfg = AppStore|iPhone
		{EDBAE175-6868-4077-BF21-F1A9EF21BE5A}.AppStore|x86.ActiveCfg = AppStore|iPhone
		{EDBAE175-6868-4077-BF21-F1A9EF21BE5A}.Debug|Any CPU.ActiveCfg = Debug|iPhone
		{EDBAE175-6868-4077-BF21-F1A9EF21BE5A}.Debug|ARM.ActiveCfg = Debug|iPhone
		{EDBAE175-6868-4077-BF21-F1A9EF21BE5A}.Debug|iPhone.ActiveCfg = Debug|iPhone
		{EDBAE175-6868-4077-BF21-F1A9EF21BE5A}.Debug|iPhone.Build.0 = Debug|iPhone
		{EDBAE175-6868-4077-BF21-F1A9EF21BE5A}.Debug|iPhoneSimulator.ActiveCfg = Debug|iPhoneSimulator
		{EDBAE175-6868-4077-BF21-F1A9EF21BE5A}.Debug|iPhoneSimulator.Build.0 = Debug|iPhoneSimulator
		{EDBAE175-6868-4077-BF21-F1A9EF21BE5A}.Debug|x64.ActiveCfg = Debug|iPhone
		{EDBAE175-6868-4077-BF21-F1A9EF21BE5A}.Debug|x86.ActiveCfg = Debug|iPhone
		{EDBAE175-6868-4077-BF21-F1A9EF21BE5A}.Release|Any CPU.ActiveCfg = Release|iPhone
		{EDBAE175-6868-4077-BF21-F1A9EF21BE5A}.Release|ARM.ActiveCfg = Release|iPhone
		{EDBAE175-6868-4077-BF21-F1A9EF21BE5A}.Release|iPhone.ActiveCfg = Release|iPhone
		{EDBAE175-6868-4077-BF21-F1A9EF21BE5A}.Release|iPhone.Build.0 = Release|iPhone
		{EDBAE175-6868-4077-BF21-F1A9EF21BE5A}.Release|iPhoneSimulator.ActiveCfg = Release|iPhoneSimulator
		{EDBAE175-6868-4077-BF21-F1A9EF21BE5A}.Release|iPhoneSimulator.Build.0 = Release|iPhoneSimulator
		{EDBAE175-6868-4077-BF21-F1A9EF21BE5A}.Release|x64.ActiveCfg = Release|iPhone
		{EDBAE175-6868-4077-BF21-F1A9EF21BE5A}.Release|x86.ActiveCfg = Release|iPhone
	EndGlobalSection
	GlobalSection(SolutionProperties) = preSolution
		HideSolutionNode = FALSE
	EndGlobalSection
	GlobalSection(ExtensibilityGlobals) = postSolution
		SolutionGuid = {FDD3911B-C3D4-4B59-A566-C00233259240}
	EndGlobalSection
EndGlobal
